// !$*UTF8*$!
{
	archiveVersion = 1;
	classes = {
	};
	objectVersion = 50;
	objects = {

/* Begin PBXBuildFile section */
		44BB159D21A90C8F0035B33C /* AppDelegate.swift in Sources */ = {isa = PBXBuildFile; fileRef = 44BB159C21A90C8F0035B33C /* AppDelegate.swift */; };
		44BB159F21A90C8F0035B33C /* FirstViewController.swift in Sources */ = {isa = PBXBuildFile; fileRef = 44BB159E21A90C8F0035B33C /* FirstViewController.swift */; };
		44BB15A121A90C8F0035B33C /* SecondViewController.swift in Sources */ = {isa = PBXBuildFile; fileRef = 44BB15A021A90C8F0035B33C /* SecondViewController.swift */; };
		44BB15A421A90C8F0035B33C /* Main.storyboard in Resources */ = {isa = PBXBuildFile; fileRef = 44BB15A221A90C8F0035B33C /* Main.storyboard */; };
		44BB15A621A90C920035B33C /* Assets.xcassets in Resources */ = {isa = PBXBuildFile; fileRef = 44BB15A521A90C920035B33C /* Assets.xcassets */; };
		44BB15A921A90C920035B33C /* LaunchScreen.storyboard in Resources */ = {isa = PBXBuildFile; fileRef = 44BB15A721A90C920035B33C /* LaunchScreen.storyboard */; };
		44BB15B421A90C930035B33C /* SmartyTrashAppTests.swift in Sources */ = {isa = PBXBuildFile; fileRef = 44BB15B321A90C930035B33C /* SmartyTrashAppTests.swift */; };
		44BB15BF21A90C930035B33C /* SmartyTrashAppUITests.swift in Sources */ = {isa = PBXBuildFile; fileRef = 44BB15BE21A90C930035B33C /* SmartyTrashAppUITests.swift */; };
/* End PBXBuildFile section */

/* Begin PBXContainerItemProxy section */
		44BB15B021A90C930035B33C /* PBXContainerItemProxy */ = {
			isa = PBXContainerItemProxy;
			containerPortal = 44BB159121A90C8F0035B33C /* Project object */;
			proxyType = 1;
			remoteGlobalIDString = 44BB159821A90C8F0035B33C;
			remoteInfo = SmartyTrashApp;
		};
		44BB15BB21A90C930035B33C /* PBXContainerItemProxy */ = {
			isa = PBXContainerItemProxy;
			containerPortal = 44BB159121A90C8F0035B33C /* Project object */;
			proxyType = 1;
			remoteGlobalIDString = 44BB159821A90C8F0035B33C;
			remoteInfo = SmartyTrashApp;
		};
/* End PBXContainerItemProxy section */

/* Begin PBXFileReference section */
		44BB159921A90C8F0035B33C /* SmartyTrashApp.app */ = {isa = PBXFileReference; explicitFileType = wrapper.application; includeInIndex = 0; path = SmartyTrashApp.app; sourceTree = BUILT_PRODUCTS_DIR; };
		44BB159C21A90C8F0035B33C /* AppDelegate.swift */ = {isa = PBXFileReference; lastKnownFileType = sourcecode.swift; path = AppDelegate.swift; sourceTree = "<group>"; };
		44BB159E21A90C8F0035B33C /* FirstViewController.swift */ = {isa = PBXFileReference; lastKnownFileType = sourcecode.swift; path = FirstViewController.swift; sourceTree = "<group>"; };
		44BB15A021A90C8F0035B33C /* SecondViewController.swift */ = {isa = PBXFileReference; lastKnownFileType = sourcecode.swift; path = SecondViewController.swift; sourceTree = "<group>"; };
		44BB15A321A90C8F0035B33C /* Base */ = {isa = PBXFileReference; lastKnownFileType = file.storyboard; name = Base; path = Base.lproj/Main.storyboard; sourceTree = "<group>"; };
		44BB15A521A90C920035B33C /* Assets.xcassets */ = {isa = PBXFileReference; lastKnownFileType = folder.assetcatalog; path = Assets.xcassets; sourceTree = "<group>"; };
		44BB15A821A90C920035B33C /* Base */ = {isa = PBXFileReference; lastKnownFileType = file.storyboard; name = Base; path = Base.lproj/LaunchScreen.storyboard; sourceTree = "<group>"; };
		44BB15AA21A90C920035B33C /* Info.plist */ = {isa = PBXFileReference; lastKnownFileType = text.plist.xml; path = Info.plist; sourceTree = "<group>"; };
		44BB15AF21A90C930035B33C /* SmartyTrashAppTests.xctest */ = {isa = PBXFileReference; explicitFileType = wrapper.cfbundle; includeInIndex = 0; path = SmartyTrashAppTests.xctest; sourceTree = BUILT_PRODUCTS_DIR; };
		44BB15B321A90C930035B33C /* SmartyTrashAppTests.swift */ = {isa = PBXFileReference; lastKnownFileType = sourcecode.swift; path = SmartyTrashAppTests.swift; sourceTree = "<group>"; };
		44BB15B521A90C930035B33C /* Info.plist */ = {isa = PBXFileReference; lastKnownFileType = text.plist.xml; path = Info.plist; sourceTree = "<group>"; };
		44BB15BA21A90C930035B33C /* SmartyTrashAppUITests.xctest */ = {isa = PBXFileReference; explicitFileType = wrapper.cfbundle; includeInIndex = 0; path = SmartyTrashAppUITests.xctest; sourceTree = BUILT_PRODUCTS_DIR; };
		44BB15BE21A90C930035B33C /* SmartyTrashAppUITests.swift */ = {isa = PBXFileReference; lastKnownFileType = sourcecode.swift; path = SmartyTrashAppUITests.swift; sourceTree = "<group>"; };
		44BB15C021A90C930035B33C /* Info.plist */ = {isa = PBXFileReference; lastKnownFileType = text.plist.xml; path = Info.plist; sourceTree = "<group>"; };
/* End PBXFileReference section */

/* Begin PBXFrameworksBuildPhase section */
		44BB159621A90C8F0035B33C /* Frameworks */ = {
			isa = PBXFrameworksBuildPhase;
			buildActionMask = 2147483647;
			files = (
			);
			runOnlyForDeploymentPostprocessing = 0;
		};
		44BB15AC21A90C930035B33C /* Frameworks */ = {
			isa = PBXFrameworksBuildPhase;
			buildActionMask = 2147483647;
			files = (
			);
			runOnlyForDeploymentPostprocessing = 0;
		};
		44BB15B721A90C930035B33C /* Frameworks */ = {
			isa = PBXFrameworksBuildPhase;
			buildActionMask = 2147483647;
			files = (
			);
			runOnlyForDeploymentPostprocessing = 0;
		};
/* End PBXFrameworksBuildPhase section */

/* Begin PBXGroup section */
		44BB159021A90C8F0035B33C = {
			isa = PBXGroup;
			children = (
				44BB159B21A90C8F0035B33C /* SmartyTrashApp */,
				44BB15B221A90C930035B33C /* SmartyTrashAppTests */,
				44BB15BD21A90C930035B33C /* SmartyTrashAppUITests */,
				44BB159A21A90C8F0035B33C /* Products */,
			);
			sourceTree = "<group>";
		};
		44BB159A21A90C8F0035B33C /* Products */ = {
			isa = PBXGroup;
			children = (
				44BB159921A90C8F0035B33C /* SmartyTrashApp.app */,
				44BB15AF21A90C930035B33C /* SmartyTrashAppTests.xctest */,
				44BB15BA21A90C930035B33C /* SmartyTrashAppUITests.xctest */,
			);
			name = Products;
			sourceTree = "<group>";
		};
		44BB159B21A90C8F0035B33C /* SmartyTrashApp */ = {
			isa = PBXGroup;
			children = (
				44BB159C21A90C8F0035B33C /* AppDelegate.swift */,
				44BB159E21A90C8F0035B33C /* FirstViewController.swift */,
				44BB15A021A90C8F0035B33C /* SecondViewController.swift */,
				44BB15A221A90C8F0035B33C /* Main.storyboard */,
				44BB15A521A90C920035B33C /* Assets.xcassets */,
				44BB15A721A90C920035B33C /* LaunchScreen.storyboard */,
				44BB15AA21A90C920035B33C /* Info.plist */,
			);
			path = SmartyTrashApp;
			sourceTree = "<group>";
		};
		44BB15B221A90C930035B33C /* SmartyTrashAppTests */ = {
			isa = PBXGroup;
			children = (
				44BB15B321A90C930035B33C /* SmartyTrashAppTests.swift */,
				44BB15B521A90C930035B33C /* Info.plist */,
			);
			path = SmartyTrashAppTests;
			sourceTree = "<group>";
		};
		44BB15BD21A90C930035B33C /* SmartyTrashAppUITests */ = {
			isa = PBXGroup;
			children = (
				44BB15BE21A90C930035B33C /* SmartyTrashAppUITests.swift */,
				44BB15C021A90C930035B33C /* Info.plist */,
			);
			path = SmartyTrashAppUITests;
			sourceTree = "<group>";
		};
/* End PBXGroup section */

/* Begin PBXNativeTarget section */
		44BB159821A90C8F0035B33C /* SmartyTrashApp */ = {
			isa = PBXNativeTarget;
			buildConfigurationList = 44BB15C321A90C930035B33C /* Build configuration list for PBXNativeTarget "SmartyTrashApp" */;
			buildPhases = (
				44BB159521A90C8F0035B33C /* Sources */,
				44BB159621A90C8F0035B33C /* Frameworks */,
				44BB159721A90C8F0035B33C /* Resources */,
			);
			buildRules = (
			);
			dependencies = (
			);
			name = SmartyTrashApp;
			productName = SmartyTrashApp;
			productReference = 44BB159921A90C8F0035B33C /* SmartyTrashApp.app */;
			productType = "com.apple.product-type.application";
		};
		44BB15AE21A90C930035B33C /* SmartyTrashAppTests */ = {
			isa = PBXNativeTarget;
			buildConfigurationList = 44BB15C621A90C930035B33C /* Build configuration list for PBXNativeTarget "SmartyTrashAppTests" */;
			buildPhases = (
				44BB15AB21A90C930035B33C /* Sources */,
				44BB15AC21A90C930035B33C /* Frameworks */,
				44BB15AD21A90C930035B33C /* Resources */,
			);
			buildRules = (
			);
			dependencies = (
				44BB15B121A90C930035B33C /* PBXTargetDependency */,
			);
			name = SmartyTrashAppTests;
			productName = SmartyTrashAppTests;
			productReference = 44BB15AF21A90C930035B33C /* SmartyTrashAppTests.xctest */;
			productType = "com.apple.product-type.bundle.unit-test";
		};
		44BB15B921A90C930035B33C /* SmartyTrashAppUITests */ = {
			isa = PBXNativeTarget;
			buildConfigurationList = 44BB15C921A90C930035B33C /* Build configuration list for PBXNativeTarget "SmartyTrashAppUITests" */;
			buildPhases = (
				44BB15B621A90C930035B33C /* Sources */,
				44BB15B721A90C930035B33C /* Frameworks */,
				44BB15B821A90C930035B33C /* Resources */,
			);
			buildRules = (
			);
			dependencies = (
				44BB15BC21A90C930035B33C /* PBXTargetDependency */,
			);
			name = SmartyTrashAppUITests;
			productName = SmartyTrashAppUITests;
			productReference = 44BB15BA21A90C930035B33C /* SmartyTrashAppUITests.xctest */;
			productType = "com.apple.product-type.bundle.ui-testing";
		};
/* End PBXNativeTarget section */

/* Begin PBXProject section */
		44BB159121A90C8F0035B33C /* Project object */ = {
			isa = PBXProject;
			attributes = {
				LastSwiftUpdateCheck = 0940;
				LastUpgradeCheck = 0940;
				ORGANIZATIONNAME = "Priyanka Priyadarshini Mishra";
				TargetAttributes = {
					44BB159821A90C8F0035B33C = {
						CreatedOnToolsVersion = 9.4.1;
					};
					44BB15AE21A90C930035B33C = {
						CreatedOnToolsVersion = 9.4.1;
						TestTargetID = 44BB159821A90C8F0035B33C;
					};
					44BB15B921A90C930035B33C = {
						CreatedOnToolsVersion = 9.4.1;
						TestTargetID = 44BB159821A90C8F0035B33C;
					};
				};
			};
			buildConfigurationList = 44BB159421A90C8F0035B33C /* Build configuration list for PBXProject "SmartyTrashApp" */;
			compatibilityVersion = "Xcode 9.3";
			developmentRegion = en;
			hasScannedForEncodings = 0;
			knownRegions = (
				en,
				Base,
			);
			mainGroup = 44BB159021A90C8F0035B33C;
			productRefGroup = 44BB159A21A90C8F0035B33C /* Products */;
			projectDirPath = "";
			projectRoot = "";
			targets = (
				44BB159821A90C8F0035B33C /* SmartyTrashApp */,
				44BB15AE21A90C930035B33C /* SmartyTrashAppTests */,
				44BB15B921A90C930035B33C /* SmartyTrashAppUITests */,
			);
		};
/* End PBXProject section */

/* Begin PBXResourcesBuildPhase section */
		44BB159721A90C8F0035B33C /* Resources */ = {
			isa = PBXResourcesBuildPhase;
			buildActionMask = 2147483647;
			files = (
				44BB15A921A90C920035B33C /* LaunchScreen.storyboard in Resources */,
				44BB15A621A90C920035B33C /* Assets.xcassets in Resources */,
				44BB15A421A90C8F0035B33C /* Main.storyboard in Resources */,
			);
			runOnlyForDeploymentPostprocessing = 0;
		};
		44BB15AD21A90C930035B33C /* Resources */ = {
			isa = PBXResourcesBuildPhase;
			buildActionMask = 2147483647;
			files = (
			);
			runOnlyForDeploymentPostprocessing = 0;
		};
		44BB15B821A90C930035B33C /* Resources */ = {
			isa = PBXResourcesBuildPhase;
			buildActionMask = 2147483647;
			files = (
			);
			runOnlyForDeploymentPostprocessing = 0;
		};
/* End PBXResourcesBuildPhase section */

/* Begin PBXSourcesBuildPhase section */
		44BB159521A90C8F0035B33C /* Sources */ = {
			isa = PBXSourcesBuildPhase;
			buildActionMask = 2147483647;
			files = (
				44BB15A121A90C8F0035B33C /* SecondViewController.swift in Sources */,
				44BB159D21A90C8F0035B33C /* AppDelegate.swift in Sources */,
				44BB159F21A90C8F0035B33C /* FirstViewController.swift in Sources */,
			);
			runOnlyForDeploymentPostprocessing = 0;
		};
		44BB15AB21A90C930035B33C /* Sources */ = {
			isa = PBXSourcesBuildPhase;
			buildActionMask = 2147483647;
			files = (
				44BB15B421A90C930035B33C /* SmartyTrashAppTests.swift in Sources */,
			);
			runOnlyForDeploymentPostprocessing = 0;
		};
		44BB15B621A90C930035B33C /* Sources */ = {
			isa = PBXSourcesBuildPhase;
			buildActionMask = 2147483647;
			files = (
				44BB15BF21A90C930035B33C /* SmartyTrashAppUITests.swift in Sources */,
			);
			runOnlyForDeploymentPostprocessing = 0;
		};
/* End PBXSourcesBuildPhase section */

/* Begin PBXTargetDependency section */
		44BB15B121A90C930035B33C /* PBXTargetDependency */ = {
			isa = PBXTargetDependency;
			target = 44BB159821A90C8F0035B33C /* SmartyTrashApp */;
			targetProxy = 44BB15B021A90C930035B33C /* PBXContainerItemProxy */;
		};
		44BB15BC21A90C930035B33C /* PBXTargetDependency */ = {
			isa = PBXTargetDependency;
			target = 44BB159821A90C8F0035B33C /* SmartyTrashApp */;
			targetProxy = 44BB15BB21A90C930035B33C /* PBXContainerItemProxy */;
		};
/* End PBXTargetDependency section */

/* Begin PBXVariantGroup section */
		44BB15A221A90C8F0035B33C /* Main.storyboard */ = {
			isa = PBXVariantGroup;
			children = (
				44BB15A321A90C8F0035B33C /* Base */,
			);
			name = Main.storyboard;
			sourceTree = "<group>";
		};
		44BB15A721A90C920035B33C /* LaunchScreen.storyboard */ = {
			isa = PBXVariantGroup;
			children = (
				44BB15A821A90C920035B33C /* Base */,
			);
			name = LaunchScreen.storyboard;
			sourceTree = "<group>";
		};
/* End PBXVariantGroup section */

/* Begin XCBuildConfiguration section */
		44BB15C121A90C930035B33C /* Debug */ = {
			isa = XCBuildConfiguration;
			buildSettings = {
				ALWAYS_SEARCH_USER_PATHS = NO;
				CLANG_ANALYZER_NONNULL = YES;
				CLANG_ANALYZER_NUMBER_OBJECT_CONVERSION = YES_AGGRESSIVE;
				CLANG_CXX_LANGUAGE_STANDARD = "gnu++14";
				CLANG_CXX_LIBRARY = "libc++";
				CLANG_ENABLE_MODULES = YES;
				CLANG_ENABLE_OBJC_ARC = YES;
				CLANG_ENABLE_OBJC_WEAK = YES;
				CLANG_WARN_BLOCK_CAPTURE_AUTORELEASING = YES;
				CLANG_WARN_BOOL_CONVERSION = YES;
				CLANG_WARN_COMMA = YES;
				CLANG_WARN_CONSTANT_CONVERSION = YES;
				CLANG_WARN_DEPRECATED_OBJC_IMPLEMENTATIONS = YES;
				CLANG_WARN_DIRECT_OBJC_ISA_USAGE = YES_ERROR;
				CLANG_WARN_DOCUMENTATION_COMMENTS = YES;
				CLANG_WARN_EMPTY_BODY = YES;
				CLANG_WARN_ENUM_CONVERSION = YES;
				CLANG_WARN_INFINITE_RECURSION = YES;
				CLANG_WARN_INT_CONVERSION = YES;
				CLANG_WARN_NON_LITERAL_NULL_CONVERSION = YES;
				CLANG_WARN_OBJC_IMPLICIT_RETAIN_SELF = YES;
				CLANG_WARN_OBJC_LITERAL_CONVERSION = YES;
				CLANG_WARN_OBJC_ROOT_CLASS = YES_ERROR;
				CLANG_WARN_RANGE_LOOP_ANALYSIS = YES;
				CLANG_WARN_STRICT_PROTOTYPES = YES;
				CLANG_WARN_SUSPICIOUS_MOVE = YES;
				CLANG_WARN_UNGUARDED_AVAILABILITY = YES_AGGRESSIVE;
				CLANG_WARN_UNREACHABLE_CODE = YES;
				CLANG_WARN__DUPLICATE_METHOD_MATCH = YES;
				CODE_SIGN_IDENTITY = "iPhone Developer";
				COPY_PHASE_STRIP = NO;
				DEBUG_INFORMATION_FORMAT = dwarf;
				ENABLE_STRICT_OBJC_MSGSEND = YES;
				ENABLE_TESTABILITY = YES;
				GCC_C_LANGUAGE_STANDARD = gnu11;
				GCC_DYNAMIC_NO_PIC = NO;
				GCC_NO_COMMON_BLOCKS = YES;
				GCC_OPTIMIZATION_LEVEL = 0;
				GCC_PREPROCESSOR_DEFINITIONS = (
					"DEBUG=1",
					"$(inherited)",
				);
				GCC_WARN_64_TO_32_BIT_CONVERSION = YES;
				GCC_WARN_ABOUT_RETURN_TYPE = YES_ERROR;
				GCC_WARN_UNDECLARED_SELECTOR = YES;
				GCC_WARN_UNINITIALIZED_AUTOS = YES_AGGRESSIVE;
				GCC_WARN_UNUSED_FUNCTION = YES;
				GCC_WARN_UNUSED_VARIABLE = YES;
				IPHONEOS_DEPLOYMENT_TARGET = 11.4;
				MTL_ENABLE_DEBUG_INFO = YES;
				ONLY_ACTIVE_ARCH = YES;
				SDKROOT = iphoneos;
				SWIFT_ACTIVE_COMPILATION_CONDITIONS = DEBUG;
				SWIFT_OPTIMIZATION_LEVEL = "-Onone";
			};
			name = Debug;
		};
		44BB15C221A90C930035B33C /* Release */ = {
			isa = XCBuildConfiguration;
			buildSettings = {
				ALWAYS_SEARCH_USER_PATHS = NO;
				CLANG_ANALYZER_NONNULL = YES;
				CLANG_ANALYZER_NUMBER_OBJECT_CONVERSION = YES_AGGRESSIVE;
				CLANG_CXX_LANGUAGE_STANDARD = "gnu++14";
				CLANG_CXX_LIBRARY = "libc++";
				CLANG_ENABLE_MODULES = YES;
				CLANG_ENABLE_OBJC_ARC = YES;
				CLANG_ENABLE_OBJC_WEAK = YES;
				CLANG_WARN_BLOCK_CAPTURE_AUTORELEASING = YES;
				CLANG_WARN_BOOL_CONVERSION = YES;
				CLANG_WARN_COMMA = YES;
				CLANG_WARN_CONSTANT_CONVERSION = YES;
				CLANG_WARN_DEPRECATED_OBJC_IMPLEMENTATIONS = YES;
				CLANG_WARN_DIRECT_OBJC_ISA_USAGE = YES_ERROR;
				CLANG_WARN_DOCUMENTATION_COMMENTS = YES;
				CLANG_WARN_EMPTY_BODY = YES;
				CLANG_WARN_ENUM_CONVERSION = YES;
				CLANG_WARN_INFINITE_RECURSION = YES;
				CLANG_WARN_INT_CONVERSION = YES;
				CLANG_WARN_NON_LITERAL_NULL_CONVERSION = YES;
				CLANG_WARN_OBJC_IMPLICIT_RETAIN_SELF = YES;
				CLANG_WARN_OBJC_LITERAL_CONVERSION = YES;
				CLANG_WARN_OBJC_ROOT_CLASS = YES_ERROR;
				CLANG_WARN_RANGE_LOOP_ANALYSIS = YES;
				CLANG_WARN_STRICT_PROTOTYPES = YES;
				CLANG_WARN_SUSPICIOUS_MOVE = YES;
				CLANG_WARN_UNGUARDED_AVAILABILITY = YES_AGGRESSIVE;
				CLANG_WARN_UNREACHABLE_CODE = YES;
				CLANG_WARN__DUPLICATE_METHOD_MATCH = YES;
				CODE_SIGN_IDENTITY = "iPhone Developer";
				COPY_PHASE_STRIP = NO;
				DEBUG_INFORMATION_FORMAT = "dwarf-with-dsym";
				ENABLE_NS_ASSERTIONS = NO;
				ENABLE_STRICT_OBJC_MSGSEND = YES;
				GCC_C_LANGUAGE_STANDARD = gnu11;
				GCC_NO_COMMON_BLOCKS = YES;
				GCC_WARN_64_TO_32_BIT_CONVERSION = YES;
				GCC_WARN_ABOUT_RETURN_TYPE = YES_ERROR;
				GCC_WARN_UNDECLARED_SELECTOR = YES;
				GCC_WARN_UNINITIALIZED_AUTOS = YES_AGGRESSIVE;
				GCC_WARN_UNUSED_FUNCTION = YES;
				GCC_WARN_UNUSED_VARIABLE = YES;
				IPHONEOS_DEPLOYMENT_TARGET = 11.4;
				MTL_ENABLE_DEBUG_INFO = NO;
				SDKROOT = iphoneos;
				SWIFT_COMPILATION_MODE = wholemodule;
				SWIFT_OPTIMIZATION_LEVEL = "-O";
				VALIDATE_PRODUCT = YES;
			};
			name = Release;
		};
		44BB15C421A90C930035B33C /* Debug */ = {
			isa = XCBuildConfiguration;
			buildSettings = {
				ASSETCATALOG_COMPILER_APPICON_NAME = AppIcon;
				CODE_SIGN_STYLE = Automatic;
				INFOPLIST_FILE = SmartyTrashApp/Info.plist;
				LD_RUNPATH_SEARCH_PATHS = (
					"$(inherited)",
					"@executable_path/Frameworks",
				);
				PRODUCT_BUNDLE_IDENTIFIER = com.priyankapmishra.SmartyTrashApp;
				PRODUCT_NAME = "$(TARGET_NAME)";
				SWIFT_VERSION = 4.0;
				TARGETED_DEVICE_FAMILY = "1,2";
			};
			name = Debug;
		};
		44BB15C521A90C930035B33C /* Release */ = {
			isa = XCBuildConfiguration;
			buildSettings = {
				ASSETCATALOG_COMPILER_APPICON_NAME = AppIcon;
				CODE_SIGN_STYLE = Automatic;
				INFOPLIST_FILE = SmartyTrashApp/Info.plist;
				LD_RUNPATH_SEARCH_PATHS = (
					"$(inherited)",
					"@executable_path/Frameworks",
				);
				PRODUCT_BUNDLE_IDENTIFIER = com.priyankapmishra.SmartyTrashApp;
				PRODUCT_NAME = "$(TARGET_NAME)";
				SWIFT_VERSION = 4.0;
				TARGETED_DEVICE_FAMILY = "1,2";
			};
			name = Release;
		};
		44BB15C721A90C930035B33C /* Debug */ = {
			isa = XCBuildConfiguration;
			buildSettings = {
				ALWAYS_EMBED_SWIFT_STANDARD_LIBRARIES = YES;
				BUNDLE_LOADER = "$(TEST_HOST)";
				CODE_SIGN_STYLE = Automatic;
				INFOPLIST_FILE = SmartyTrashAppTests/Info.plist;
				LD_RUNPATH_SEARCH_PATHS = (
					"$(inherited)",
					"@executable_path/Frameworks",
					"@loader_path/Frameworks",
				);
				PRODUCT_BUNDLE_IDENTIFIER = com.priyankapmishra.SmartyTrashAppTests;
				PRODUCT_NAME = "$(TARGET_NAME)";
				SWIFT_VERSION = 4.0;
				TARGETED_DEVICE_FAMILY = "1,2";
				TEST_HOST = "$(BUILT_PRODUCTS_DIR)/SmartyTrashApp.app/SmartyTrashApp";
			};
			name = Debug;
		};
		44BB15C821A90C930035B33C /* Release */ = {
			isa = XCBuildConfiguration;
			buildSettings = {
				ALWAYS_EMBED_SWIFT_STANDARD_LIBRARIES = YES;
				BUNDLE_LOADER = "$(TEST_HOST)";
				CODE_SIGN_STYLE = Automatic;
				INFOPLIST_FILE = SmartyTrashAppTests/Info.plist;
				LD_RUNPATH_SEARCH_PATHS = (
					"$(inherited)",
					"@executable_path/Frameworks",
					"@loader_path/Frameworks",
				);
				PRODUCT_BUNDLE_IDENTIFIER = com.priyankapmishra.SmartyTrashAppTests;
				PRODUCT_NAME = "$(TARGET_NAME)";
				SWIFT_VERSION = 4.0;
				TARGETED_DEVICE_FAMILY = "1,2";
				TEST_HOST = "$(BUILT_PRODUCTS_DIR)/SmartyTrashApp.app/SmartyTrashApp";
			};
			name = Release;
		};
		44BB15CA21A90C930035B33C /* Debug */ = {
			isa = XCBuildConfiguration;
			buildSettings = {
				ALWAYS_EMBED_SWIFT_STANDARD_LIBRARIES = YES;
				CODE_SIGN_STYLE = Automatic;
				INFOPLIST_FILE = SmartyTrashAppUITests/Info.plist;
				LD_RUNPATH_SEARCH_PATHS = (
					"$(inherited)",
					"@executable_path/Frameworks",
					"@loader_path/Frameworks",
				);
				PRODUCT_BUNDLE_IDENTIFIER = com.priyankapmishra.SmartyTrashAppUITests;
				PRODUCT_NAME = "$(TARGET_NAME)";
				SWIFT_VERSION = 4.0;
				TARGETED_DEVICE_FAMILY = "1,2";
				TEST_TARGET_NAME = SmartyTrashApp;
			};
			name = Debug;
		};
		44BB15CB21A90C930035B33C /* Release */ = {
			isa = XCBuildConfiguration;
			buildSettings = {
				ALWAYS_EMBED_SWIFT_STANDARD_LIBRARIES = YES;
				CODE_SIGN_STYLE = Automatic;
				INFOPLIST_FILE = SmartyTrashAppUITests/Info.plist;
				LD_RUNPATH_SEARCH_PATHS = (
					"$(inherited)",
					"@executable_path/Frameworks",
					"@loader_path/Frameworks",
				);
				PRODUCT_BUNDLE_IDENTIFIER = com.priyankapmishra.SmartyTrashAppUITests;
				PRODUCT_NAME = "$(TARGET_NAME)";
				SWIFT_VERSION = 4.0;
				TARGETED_DEVICE_FAMILY = "1,2";
				TEST_TARGET_NAME = SmartyTrashApp;
			};
			name = Release;
		};
/* End XCBuildConfiguration section */

/* Begin XCConfigurationList section */
		44BB159421A90C8F0035B33C /* Build configuration list for PBXProject "SmartyTrashApp" */ = {
			isa = XCConfigurationList;
			buildConfigurations = (
				44BB15C121A90C930035B33C /* Debug */,
				44BB15C221A90C930035B33C /* Release */,
			);
			defaultConfigurationIsVisible = 0;
			defaultConfigurationName = Release;
		};
		44BB15C321A90C930035B33C /* Build configuration list for PBXNativeTarget "SmartyTrashApp" */ = {
			isa = XCConfigurationList;
			buildConfigurations = (
				44BB15C421A90C930035B33C /* Debug */,
				44BB15C521A90C930035B33C /* Release */,
			);
			defaultConfigurationIsVisible = 0;
			defaultConfigurationName = Release;
		};
		44BB15C621A90C930035B33C /* Build configuration list for PBXNativeTarget "SmartyTrashAppTests" */ = {
			isa = XCConfigurationList;
			buildConfigurations = (
				44BB15C721A90C930035B33C /* Debug */,
				44BB15C821A90C930035B33C /* Release */,
			);
			defaultConfigurationIsVisible = 0;
			defaultConfigurationName = Release;
		};
		44BB15C921A90C930035B33C /* Build configuration list for PBXNativeTarget "SmartyTrashAppUITests" */ = {
			isa = XCConfigurationList;
			buildConfigurations = (
				44BB15CA21A90C930035B33C /* Debug */,
				44BB15CB21A90C930035B33C /* Release */,
			);
			defaultConfigurationIsVisible = 0;
			defaultConfigurationName = Release;
		};
/* End XCConfigurationList section */
	};
	rootObject = 44BB159121A90C8F0035B33C /* Project object */;
}
